
Microsoft Visual Studio Solution File, Format Version 12.00
# Visual Studio Version 17
VisualStudioVersion = 17.14.36212.18
MinimumVisualStudioVersion = 10.0.40219.1
Project("{FAE04EC0-301F-11D3-BF4B-00C04F79EFBC}") = "AuthenticationService", "AuthenticationService\AuthenticationService.csproj", "{B77184AF-7812-4324-BE31-B01687CD13E6}"
EndProject
Project("{FAE04EC0-301F-11D3-BF4B-00C04F79EFBC}") = "Shared", "Shared\Shared.csproj", "{27F82297-E46A-4643-9C37-30919898EFCB}"
EndProject
Global
	GlobalSection(SolutionConfigurationPlatforms) = preSolution
		Debug|Any CPU = Debug|Any CPU
		Release|Any CPU = Release|Any CPU
	EndGlobalSection
	GlobalSection(ProjectConfigurationPlatforms) = postSolution
		{B77184AF-7812-4324-BE31-B01687CD13E6}.Debug|Any CPU.ActiveCfg = Debug|Any CPU
		{B77184AF-7812-4324-BE31-B01687CD13E6}.Debug|Any CPU.Build.0 = Debug|Any CPU
		{B77184AF-7812-4324-BE31-B01687CD13E6}.Release|Any CPU.ActiveCfg = Release|Any CPU
		{B77184AF-7812-4324-BE31-B01687CD13E6}.Release|Any CPU.Build.0 = Release|Any CPU
		{A3698F88-51B7-4670-A4F4-3BEDA53F3C6E}.Debug|Any CPU.ActiveCfg = Debug|Any CPU
		{A3698F88-51B7-4670-A4F4-3BEDA53F3C6E}.Debug|Any CPU.Build.0 = Debug|Any CPU
		{A3698F88-51B7-4670-A4F4-3BEDA53F3C6E}.Release|Any CPU.ActiveCfg = Release|Any CPU
		{A3698F88-51B7-4670-A4F4-3BEDA53F3C6E}.Release|Any CPU.Build.0 = Release|Any CPU
		{27F82297-E46A-4643-9C37-30919898EFCB}.Debug|Any CPU.ActiveCfg = Debug|Any CPU
		{27F82297-E46A-4643-9C37-30919898EFCB}.Debug|Any CPU.Build.0 = Debug|Any CPU
		{27F82297-E46A-4643-9C37-30919898EFCB}.Release|Any CPU.ActiveCfg = Release|Any CPU
		{27F82297-E46A-4643-9C37-30919898EFCB}.Release|Any CPU.Build.0 = Release|Any CPU
	EndGlobalSection
	GlobalSection(SolutionProperties) = preSolution
		HideSolutionNode = FALSE
	EndGlobalSection
	GlobalSection(ExtensibilityGlobals) = postSolution
		SolutionGuid = {BFD2E33B-9FD6-416E-BDEC-5F4AF62E1A24}
	EndGlobalSection
EndGlobal
