
Microsoft Visual Studio Solution File, Format Version 12.00
# Visual Studio Version 17
VisualStudioVersion = 17.14.36212.18 d17.14
MinimumVisualStudioVersion = 10.0.40219.1
Project("{FAE04EC0-301F-11D3-BF4B-00C04F79EFBC}") = "ChattingService", "ChattingService\ChattingService.csproj", "{2C810358-FA78-4FB0-A9EC-81DC97E1CB97}"
EndProject
Global
	GlobalSection(SolutionConfigurationPlatforms) = preSolution
		Debug|Any CPU = Debug|Any CPU
		Release|Any CPU = Release|Any CPU
	EndGlobalSection
	GlobalSection(ProjectConfigurationPlatforms) = postSolution
		{2C810358-FA78-4FB0-A9EC-81DC97E1CB97}.Debug|Any CPU.ActiveCfg = Debug|Any CPU
		{2C810358-FA78-4FB0-A9EC-81DC97E1CB97}.Debug|Any CPU.Build.0 = Debug|Any CPU
		{2C810358-FA78-4FB0-A9EC-81DC97E1CB97}.Release|Any CPU.ActiveCfg = Release|Any CPU
		{2C810358-FA78-4FB0-A9EC-81DC97E1CB97}.Release|Any CPU.Build.0 = Release|Any CPU
	EndGlobalSection
	GlobalSection(SolutionProperties) = preSolution
		HideSolutionNode = FALSE
	EndGlobalSection
	GlobalSection(ExtensibilityGlobals) = postSolution
		SolutionGuid = {DDCB4106-C9FB-4E81-B17F-AC7CA0616A70}
	EndGlobalSection
EndGlobal
